
Microsoft Visual Studio Solution File, Format Version 12.00
# Visual Studio Version 16
VisualStudioVersion = 16.0.31424.327
MinimumVisualStudioVersion = 10.0.40219.1
Project("{9A19103F-16F7-4668-BE54-9A1E7A4F7556}") = "Copia_Facebook.API", "Copia_Facebook.API.csproj", "{E75D6BBF-FEE4-4EF2-B4E8-1B9C82636BBD}"
EndProject
Project("{FAE04EC0-301F-11D3-BF4B-00C04F79EFBC}") = "CopiaFacebook.Application", "..\CopiaFacebook.Application\CopiaFacebook.Application.csproj", "{2F8E85E7-6572-4160-9F90-B63CFE5B4218}"
EndProject
Project("{FAE04EC0-301F-11D3-BF4B-00C04F79EFBC}") = "CopiaFacebook.Core", "..\CopiaFacebook.Core\CopiaFacebook.Core.csproj", "{D6F0E42D-7139-4270-A39C-5A435010BBC7}"
EndProject
Project("{FAE04EC0-301F-11D3-BF4B-00C04F79EFBC}") = "CopiaFacebook.Infrastructure", "..\CopiaFacebook.Infrastructure\CopiaFacebook.Infrastructure.csproj", "{2BC232CC-8B52-4B3F-9139-C837D25A8372}"
EndProject
Global
	GlobalSection(SolutionConfigurationPlatforms) = preSolution
		Debug|Any CPU = Debug|Any CPU
		Release|Any CPU = Release|Any CPU
	EndGlobalSection
	GlobalSection(ProjectConfigurationPlatforms) = postSolution
		{E75D6BBF-FEE4-4EF2-B4E8-1B9C82636BBD}.Debug|Any CPU.ActiveCfg = Debug|Any CPU
		{E75D6BBF-FEE4-4EF2-B4E8-1B9C82636BBD}.Debug|Any CPU.Build.0 = Debug|Any CPU
		{E75D6BBF-FEE4-4EF2-B4E8-1B9C82636BBD}.Release|Any CPU.ActiveCfg = Release|Any CPU
		{E75D6BBF-FEE4-4EF2-B4E8-1B9C82636BBD}.Release|Any CPU.Build.0 = Release|Any CPU
		{2F8E85E7-6572-4160-9F90-B63CFE5B4218}.Debug|Any CPU.ActiveCfg = Debug|Any CPU
		{2F8E85E7-6572-4160-9F90-B63CFE5B4218}.Debug|Any CPU.Build.0 = Debug|Any CPU
		{2F8E85E7-6572-4160-9F90-B63CFE5B4218}.Release|Any CPU.ActiveCfg = Release|Any CPU
		{2F8E85E7-6572-4160-9F90-B63CFE5B4218}.Release|Any CPU.Build.0 = Release|Any CPU
		{D6F0E42D-7139-4270-A39C-5A435010BBC7}.Debug|Any CPU.ActiveCfg = Debug|Any CPU
		{D6F0E42D-7139-4270-A39C-5A435010BBC7}.Debug|Any CPU.Build.0 = Debug|Any CPU
		{D6F0E42D-7139-4270-A39C-5A435010BBC7}.Release|Any CPU.ActiveCfg = Release|Any CPU
		{D6F0E42D-7139-4270-A39C-5A435010BBC7}.Release|Any CPU.Build.0 = Release|Any CPU
		{2BC232CC-8B52-4B3F-9139-C837D25A8372}.Debug|Any CPU.ActiveCfg = Debug|Any CPU
		{2BC232CC-8B52-4B3F-9139-C837D25A8372}.Debug|Any CPU.Build.0 = Debug|Any CPU
		{2BC232CC-8B52-4B3F-9139-C837D25A8372}.Release|Any CPU.ActiveCfg = Release|Any CPU
		{2BC232CC-8B52-4B3F-9139-C837D25A8372}.Release|Any CPU.Build.0 = Release|Any CPU
	EndGlobalSection
	GlobalSection(SolutionProperties) = preSolution
		HideSolutionNode = FALSE
	EndGlobalSection
	GlobalSection(ExtensibilityGlobals) = postSolution
		SolutionGuid = {E1A818CD-A604-460C-8288-2B106F449DA1}
	EndGlobalSection
EndGlobal
